
Microsoft Visual Studio Solution File, Format Version 12.00
# Visual Studio Version 17
VisualStudioVersion = 17.8.34330.188
MinimumVisualStudioVersion = 10.0.40219.1
Project("{FAE04EC0-301F-11D3-BF4B-00C04F79EFBC}") = "DEPOLY.Cachorro.Api", "DEPOLY.Cachorro.Api\DEPOLY.Cachorro.Api.csproj", "{5D8B19D2-AB53-432F-809F-38E183DD788B}"
EndProject
Global
	GlobalSection(SolutionConfigurationPlatforms) = preSolution
		Debug|Any CPU = Debug|Any CPU
		Release|Any CPU = Release|Any CPU
	EndGlobalSection
	GlobalSection(ProjectConfigurationPlatforms) = postSolution
		{5D8B19D2-AB53-432F-809F-38E183DD788B}.Debug|Any CPU.ActiveCfg = Debug|Any CPU
		{5D8B19D2-AB53-432F-809F-38E183DD788B}.Debug|Any CPU.Build.0 = Debug|Any CPU
		{5D8B19D2-AB53-432F-809F-38E183DD788B}.Release|Any CPU.ActiveCfg = Release|Any CPU
		{5D8B19D2-AB53-432F-809F-38E183DD788B}.Release|Any CPU.Build.0 = Release|Any CPU
	EndGlobalSection
	GlobalSection(SolutionProperties) = preSolution
		HideSolutionNode = FALSE
	EndGlobalSection
	GlobalSection(ExtensibilityGlobals) = postSolution
		SolutionGuid = {844C7B6B-93C7-48E3-8278-4C97CF366602}
	EndGlobalSection
EndGlobal
